
Microsoft Visual Studio Solution File, Format Version 12.00
# Visual Studio Version 16
VisualStudioVersion = 16.0.31729.503
MinimumVisualStudioVersion = 10.0.40219.1
Project("{FAE04EC0-301F-11D3-BF4B-00C04F79EFBC}") = "FP2021 VL", "FP2021 VL\FP2021 VL.csproj", "{7D6D566D-836F-401A-A1A1-588B936840FE}"
EndProject
Project("{FAE04EC0-301F-11D3-BF4B-00C04F79EFBC}") = "10_6", "10_6\10_6.csproj", "{BFF2AE33-7D89-43C9-98C6-7E7897810E9C}"
EndProject
Project("{FAE04EC0-301F-11D3-BF4B-00C04F79EFBC}") = "10_13", "10_13\10_13.csproj", "{AFEDF9D0-66CB-4995-96A6-128B20B6673D}"
EndProject
Project("{FAE04EC0-301F-11D3-BF4B-00C04F79EFBC}") = "10_14", "10_14\10_14.csproj", "{2F7BB087-8346-49B6-9534-C489CBFC30C6}"
EndProject
Project("{FAE04EC0-301F-11D3-BF4B-00C04F79EFBC}") = "10_14a", "10_14a\10_14a.csproj", "{EE742177-C952-49E6-9C8C-F735B850A502}"
EndProject
Project("{FAE04EC0-301F-11D3-BF4B-00C04F79EFBC}") = "10_18", "10_18\10_18.csproj", "{F6CD03FC-72C0-4DF8-AED2-013A298F81DC}"
EndProject
Project("{FAE04EC0-301F-11D3-BF4B-00C04F79EFBC}") = "10_18a", "10_18a\10_18a.csproj", "{C0F3EC4F-B4E5-4E2B-AA89-DBE7C3C267B9}"
EndProject
Global
	GlobalSection(SolutionConfigurationPlatforms) = preSolution
		Debug|Any CPU = Debug|Any CPU
		Release|Any CPU = Release|Any CPU
	EndGlobalSection
	GlobalSection(ProjectConfigurationPlatforms) = postSolution
		{7D6D566D-836F-401A-A1A1-588B936840FE}.Debug|Any CPU.ActiveCfg = Debug|Any CPU
		{7D6D566D-836F-401A-A1A1-588B936840FE}.Debug|Any CPU.Build.0 = Debug|Any CPU
		{7D6D566D-836F-401A-A1A1-588B936840FE}.Release|Any CPU.ActiveCfg = Release|Any CPU
		{7D6D566D-836F-401A-A1A1-588B936840FE}.Release|Any CPU.Build.0 = Release|Any CPU
		{BFF2AE33-7D89-43C9-98C6-7E7897810E9C}.Debug|Any CPU.ActiveCfg = Debug|Any CPU
		{BFF2AE33-7D89-43C9-98C6-7E7897810E9C}.Debug|Any CPU.Build.0 = Debug|Any CPU
		{BFF2AE33-7D89-43C9-98C6-7E7897810E9C}.Release|Any CPU.ActiveCfg = Release|Any CPU
		{BFF2AE33-7D89-43C9-98C6-7E7897810E9C}.Release|Any CPU.Build.0 = Release|Any CPU
		{AFEDF9D0-66CB-4995-96A6-128B20B6673D}.Debug|Any CPU.ActiveCfg = Debug|Any CPU
		{AFEDF9D0-66CB-4995-96A6-128B20B6673D}.Debug|Any CPU.Build.0 = Debug|Any CPU
		{AFEDF9D0-66CB-4995-96A6-128B20B6673D}.Release|Any CPU.ActiveCfg = Release|Any CPU
		{AFEDF9D0-66CB-4995-96A6-128B20B6673D}.Release|Any CPU.Build.0 = Release|Any CPU
		{2F7BB087-8346-49B6-9534-C489CBFC30C6}.Debug|Any CPU.ActiveCfg = Debug|Any CPU
		{2F7BB087-8346-49B6-9534-C489CBFC30C6}.Debug|Any CPU.Build.0 = Debug|Any CPU
		{2F7BB087-8346-49B6-9534-C489CBFC30C6}.Release|Any CPU.ActiveCfg = Release|Any CPU
		{2F7BB087-8346-49B6-9534-C489CBFC30C6}.Release|Any CPU.Build.0 = Release|Any CPU
		{EE742177-C952-49E6-9C8C-F735B850A502}.Debug|Any CPU.ActiveCfg = Debug|Any CPU
		{EE742177-C952-49E6-9C8C-F735B850A502}.Debug|Any CPU.Build.0 = Debug|Any CPU
		{EE742177-C952-49E6-9C8C-F735B850A502}.Release|Any CPU.ActiveCfg = Release|Any CPU
		{EE742177-C952-49E6-9C8C-F735B850A502}.Release|Any CPU.Build.0 = Release|Any CPU
		{F6CD03FC-72C0-4DF8-AED2-013A298F81DC}.Debug|Any CPU.ActiveCfg = Debug|Any CPU
		{F6CD03FC-72C0-4DF8-AED2-013A298F81DC}.Debug|Any CPU.Build.0 = Debug|Any CPU
		{F6CD03FC-72C0-4DF8-AED2-013A298F81DC}.Release|Any CPU.ActiveCfg = Release|Any CPU
		{F6CD03FC-72C0-4DF8-AED2-013A298F81DC}.Release|Any CPU.Build.0 = Release|Any CPU
		{C0F3EC4F-B4E5-4E2B-AA89-DBE7C3C267B9}.Debug|Any CPU.ActiveCfg = Debug|Any CPU
		{C0F3EC4F-B4E5-4E2B-AA89-DBE7C3C267B9}.Debug|Any CPU.Build.0 = Debug|Any CPU
		{C0F3EC4F-B4E5-4E2B-AA89-DBE7C3C267B9}.Release|Any CPU.ActiveCfg = Release|Any CPU
		{C0F3EC4F-B4E5-4E2B-AA89-DBE7C3C267B9}.Release|Any CPU.Build.0 = Release|Any CPU
	EndGlobalSection
	GlobalSection(SolutionProperties) = preSolution
		HideSolutionNode = FALSE
	EndGlobalSection
	GlobalSection(ExtensibilityGlobals) = postSolution
		SolutionGuid = {BA597BC8-1BC2-4B12-A405-01DA489CE9AA}
	EndGlobalSection
EndGlobal
